
Microsoft Visual Studio Solution File, Format Version 12.00
# Visual Studio Version 17
VisualStudioVersion = 17.14.36518.9
MinimumVisualStudioVersion = 10.0.40219.1
Project("{2150E333-8FDC-42A3-9474-1A3956D46DE8}") = "src", "src", "{02EA681E-C7D8-13C7-8484-4AC65E1B71E8}"
EndProject
Project("{FAE04EC0-301F-11D3-BF4B-00C04F79EFBC}") = "DocumentValidators.CPF", "src\DocumentValidators.CPF\DocumentValidators.CPF.csproj", "{57694B58-579D-4544-A78C-5B9C05F7F0DD}"
EndProject
Project("{FAE04EC0-301F-11D3-BF4B-00C04F79EFBC}") = "DocumentValidators.CNPJ", "src\DocumentValidators.CNPJ\DocumentValidators.CNPJ.csproj", "{76644E3F-A6F6-4342-8835-E08B1D9C9111}"
EndProject
Global
	GlobalSection(SolutionConfigurationPlatforms) = preSolution
		Debug|Any CPU = Debug|Any CPU
		Release|Any CPU = Release|Any CPU
	EndGlobalSection
	GlobalSection(ProjectConfigurationPlatforms) = postSolution
		{57694B58-579D-4544-A78C-5B9C05F7F0DD}.Debug|Any CPU.ActiveCfg = Debug|Any CPU
		{57694B58-579D-4544-A78C-5B9C05F7F0DD}.Debug|Any CPU.Build.0 = Debug|Any CPU
		{57694B58-579D-4544-A78C-5B9C05F7F0DD}.Release|Any CPU.ActiveCfg = Release|Any CPU
		{57694B58-579D-4544-A78C-5B9C05F7F0DD}.Release|Any CPU.Build.0 = Release|Any CPU
		{76644E3F-A6F6-4342-8835-E08B1D9C9111}.Debug|Any CPU.ActiveCfg = Debug|Any CPU
		{76644E3F-A6F6-4342-8835-E08B1D9C9111}.Debug|Any CPU.Build.0 = Debug|Any CPU
		{76644E3F-A6F6-4342-8835-E08B1D9C9111}.Release|Any CPU.ActiveCfg = Release|Any CPU
		{76644E3F-A6F6-4342-8835-E08B1D9C9111}.Release|Any CPU.Build.0 = Release|Any CPU
	EndGlobalSection
	GlobalSection(SolutionProperties) = preSolution
		HideSolutionNode = FALSE
	EndGlobalSection
	GlobalSection(NestedProjects) = preSolution
		{57694B58-579D-4544-A78C-5B9C05F7F0DD} = {02EA681E-C7D8-13C7-8484-4AC65E1B71E8}
		{76644E3F-A6F6-4342-8835-E08B1D9C9111} = {02EA681E-C7D8-13C7-8484-4AC65E1B71E8}
	EndGlobalSection
	GlobalSection(ExtensibilityGlobals) = postSolution
		SolutionGuid = {7D045621-67DF-4D74-8277-0D96F0BFA021}
	EndGlobalSection
EndGlobal
